
Microsoft Visual Studio Solution File, Format Version 12.00
# Visual Studio Version 16
VisualStudioVersion = 16.0.28714.193
MinimumVisualStudioVersion = 10.0.40219.1
Project("{6EC3EE1D-3C4E-46DD-8F32-0CC8E7565705}") = "Mbrace.Core", "src\MBrace.Core\Mbrace.Core.fsproj", "{7D6ADB48-5440-4843-9CAC-45A5B3C3B1C0}"
EndProject
Project("{6EC3EE1D-3C4E-46DD-8F32-0CC8E7565705}") = "MBrace.Core.Tests", "tests\MBrace.Core.Tests\MBrace.Core.Tests.fsproj", "{86899A58-62E8-4C29-A224-1C440CF71573}"
EndProject
Project("{6EC3EE1D-3C4E-46DD-8F32-0CC8E7565705}") = "MBrace.Flow", "src\MBrace.Flow\MBrace.Flow.fsproj", "{723C6D35-CA08-4EB6-9D53-800B0C0E1B41}"
EndProject
Project("{F2A71F9B-5D33-465A-A702-920D77279786}") = "MBrace.Runtime", "src\MBrace.Runtime\MBrace.Runtime.fsproj", "{7DEF1AF2-4729-4E0F-BA16-6928A18219F1}"
EndProject
Global
	GlobalSection(SolutionConfigurationPlatforms) = preSolution
		Debug|Any CPU = Debug|Any CPU
		Release|Any CPU = Release|Any CPU
	EndGlobalSection
	GlobalSection(ProjectConfigurationPlatforms) = postSolution
		{7D6ADB48-5440-4843-9CAC-45A5B3C3B1C0}.Debug|Any CPU.ActiveCfg = Debug|Any CPU
		{7D6ADB48-5440-4843-9CAC-45A5B3C3B1C0}.Debug|Any CPU.Build.0 = Debug|Any CPU
		{7D6ADB48-5440-4843-9CAC-45A5B3C3B1C0}.Release|Any CPU.ActiveCfg = Release|Any CPU
		{7D6ADB48-5440-4843-9CAC-45A5B3C3B1C0}.Release|Any CPU.Build.0 = Release|Any CPU
		{86899A58-62E8-4C29-A224-1C440CF71573}.Debug|Any CPU.ActiveCfg = Debug|Any CPU
		{86899A58-62E8-4C29-A224-1C440CF71573}.Debug|Any CPU.Build.0 = Debug|Any CPU
		{86899A58-62E8-4C29-A224-1C440CF71573}.Release|Any CPU.ActiveCfg = Release|Any CPU
		{86899A58-62E8-4C29-A224-1C440CF71573}.Release|Any CPU.Build.0 = Release|Any CPU
		{723C6D35-CA08-4EB6-9D53-800B0C0E1B41}.Debug|Any CPU.ActiveCfg = Debug|Any CPU
		{723C6D35-CA08-4EB6-9D53-800B0C0E1B41}.Debug|Any CPU.Build.0 = Debug|Any CPU
		{723C6D35-CA08-4EB6-9D53-800B0C0E1B41}.Release|Any CPU.ActiveCfg = Release|Any CPU
		{723C6D35-CA08-4EB6-9D53-800B0C0E1B41}.Release|Any CPU.Build.0 = Release|Any CPU
		{7DEF1AF2-4729-4E0F-BA16-6928A18219F1}.Debug|Any CPU.ActiveCfg = Debug|Any CPU
		{7DEF1AF2-4729-4E0F-BA16-6928A18219F1}.Debug|Any CPU.Build.0 = Debug|Any CPU
		{7DEF1AF2-4729-4E0F-BA16-6928A18219F1}.Release|Any CPU.ActiveCfg = Release|Any CPU
		{7DEF1AF2-4729-4E0F-BA16-6928A18219F1}.Release|Any CPU.Build.0 = Release|Any CPU
	EndGlobalSection
	GlobalSection(SolutionProperties) = preSolution
		HideSolutionNode = FALSE
	EndGlobalSection
	GlobalSection(ExtensibilityGlobals) = postSolution
		SolutionGuid = {B086AF72-2C39-4381-A92E-1C153743E9EA}
	EndGlobalSection
EndGlobal
